
Microsoft Visual Studio Solution File, Format Version 12.00
# Visual Studio 15
VisualStudioVersion = 15.0.28307.102
MinimumVisualStudioVersion = 10.0.40219.1
Project("{FAE04EC0-301F-11D3-BF4B-00C04F79EFBC}") = "LDAP", "LDAP\LDAP.csproj", "{04453B99-D87E-4162-8651-77EC62A465A5}"
EndProject
Global
	GlobalSection(SolutionConfigurationPlatforms) = preSolution
		Debug|Any CPU = Debug|Any CPU
		Release|Any CPU = Release|Any CPU
	EndGlobalSection
	GlobalSection(ProjectConfigurationPlatforms) = postSolution
		{04453B99-D87E-4162-8651-77EC62A465A5}.Debug|Any CPU.ActiveCfg = Debug|Any CPU
		{04453B99-D87E-4162-8651-77EC62A465A5}.Debug|Any CPU.Build.0 = Debug|Any CPU
		{04453B99-D87E-4162-8651-77EC62A465A5}.Release|Any CPU.ActiveCfg = Release|Any CPU
		{04453B99-D87E-4162-8651-77EC62A465A5}.Release|Any CPU.Build.0 = Release|Any CPU
	EndGlobalSection
	GlobalSection(SolutionProperties) = preSolution
		HideSolutionNode = FALSE
	EndGlobalSection
	GlobalSection(ExtensibilityGlobals) = postSolution
		SolutionGuid = {4BE78B7F-D070-4F62-BF23-54740A533464}
	EndGlobalSection
EndGlobal
