
Microsoft Visual Studio Solution File, Format Version 12.00
# Visual Studio Version 16
VisualStudioVersion = 16.0.30517.126
MinimumVisualStudioVersion = 10.0.40219.1
Project("{FAE04EC0-301F-11D3-BF4B-00C04F79EFBC}") = "CO2API", "CO2API.csproj", "{8B893BE0-8D1D-4A39-A954-AD5D75BFD964}"
EndProject
Project("{9A19103F-16F7-4668-BE54-9A1E7A4F7556}") = "ProtobufServer", "..\ProtobufServer\ProtobufServer.csproj", "{53D5217F-3523-46DA-A94E-A8D32BBEA3CB}"
EndProject
Global
	GlobalSection(SolutionConfigurationPlatforms) = preSolution
		Debug|Any CPU = Debug|Any CPU
		Release|Any CPU = Release|Any CPU
	EndGlobalSection
	GlobalSection(ProjectConfigurationPlatforms) = postSolution
		{8B893BE0-8D1D-4A39-A954-AD5D75BFD964}.Debug|Any CPU.ActiveCfg = Debug|Any CPU
		{8B893BE0-8D1D-4A39-A954-AD5D75BFD964}.Debug|Any CPU.Build.0 = Debug|Any CPU
		{8B893BE0-8D1D-4A39-A954-AD5D75BFD964}.Release|Any CPU.ActiveCfg = Release|Any CPU
		{8B893BE0-8D1D-4A39-A954-AD5D75BFD964}.Release|Any CPU.Build.0 = Release|Any CPU
		{53D5217F-3523-46DA-A94E-A8D32BBEA3CB}.Debug|Any CPU.ActiveCfg = Debug|Any CPU
		{53D5217F-3523-46DA-A94E-A8D32BBEA3CB}.Debug|Any CPU.Build.0 = Debug|Any CPU
		{53D5217F-3523-46DA-A94E-A8D32BBEA3CB}.Release|Any CPU.ActiveCfg = Release|Any CPU
		{53D5217F-3523-46DA-A94E-A8D32BBEA3CB}.Release|Any CPU.Build.0 = Release|Any CPU
	EndGlobalSection
	GlobalSection(SolutionProperties) = preSolution
		HideSolutionNode = FALSE
	EndGlobalSection
	GlobalSection(ExtensibilityGlobals) = postSolution
		SolutionGuid = {15AA4FEF-56BC-468C-BE7B-AEAAFEB6DB13}
	EndGlobalSection
EndGlobal
