
Microsoft Visual Studio Solution File, Format Version 12.00
# Visual Studio Version 16
VisualStudioVersion = 16.0.29709.97
MinimumVisualStudioVersion = 10.0.40219.1
Project("{FAE04EC0-301F-11D3-BF4B-00C04F79EFBC}") = "Co2CoopMainAPI3", "Co2CoopMainAPI3\Co2CoopMainAPI3.csproj", "{66666F38-B614-48F1-A2B3-DD426C16F5C0}"
EndProject
Project("{FAE04EC0-301F-11D3-BF4B-00C04F79EFBC}") = "Co2CoopMainAPI3.Tests", "Co2CoopMainAPI3.Tests\Co2CoopMainAPI3.Tests.csproj", "{E1BA1CC1-88A8-4630-8C82-2C4736CAB6CA}"
EndProject
Global
	GlobalSection(SolutionConfigurationPlatforms) = preSolution
		Debug|Any CPU = Debug|Any CPU
		Release|Any CPU = Release|Any CPU
	EndGlobalSection
	GlobalSection(ProjectConfigurationPlatforms) = postSolution
		{66666F38-B614-48F1-A2B3-DD426C16F5C0}.Debug|Any CPU.ActiveCfg = Debug|Any CPU
		{66666F38-B614-48F1-A2B3-DD426C16F5C0}.Debug|Any CPU.Build.0 = Debug|Any CPU
		{66666F38-B614-48F1-A2B3-DD426C16F5C0}.Release|Any CPU.ActiveCfg = Release|Any CPU
		{66666F38-B614-48F1-A2B3-DD426C16F5C0}.Release|Any CPU.Build.0 = Release|Any CPU
		{E1BA1CC1-88A8-4630-8C82-2C4736CAB6CA}.Debug|Any CPU.ActiveCfg = Debug|Any CPU
		{E1BA1CC1-88A8-4630-8C82-2C4736CAB6CA}.Debug|Any CPU.Build.0 = Debug|Any CPU
		{E1BA1CC1-88A8-4630-8C82-2C4736CAB6CA}.Release|Any CPU.ActiveCfg = Release|Any CPU
		{E1BA1CC1-88A8-4630-8C82-2C4736CAB6CA}.Release|Any CPU.Build.0 = Release|Any CPU
	EndGlobalSection
	GlobalSection(SolutionProperties) = preSolution
		HideSolutionNode = FALSE
	EndGlobalSection
	GlobalSection(ExtensibilityGlobals) = postSolution
		SolutionGuid = {40F37FCC-E860-462E-A00B-FA89FE5F5B38}
	EndGlobalSection
	GlobalSection(TeamFoundationVersionControl) = preSolution
		SccNumberOfProjects = 3
		SccEnterpriseProvider = {4CA58AB2-18FA-4F8D-95D4-32DDF27D184C}
		SccTeamFoundationServer = https://dev.azure.com/co2operation
		SccLocalPath0 = .
		SccProjectUniqueName1 = Co2CoopMainAPI3.Tests\\Co2CoopMainAPI3.Tests.csproj
		SccProjectName1 = Co2CoopMainAPI3.Tests
		SccLocalPath1 = Co2CoopMainAPI3.Tests
		SccProjectUniqueName2 = Co2CoopMainAPI3\\Co2CoopMainAPI3.csproj
		SccProjectName2 = Co2CoopMainAPI3
		SccLocalPath2 = Co2CoopMainAPI3
	EndGlobalSection
EndGlobal
